
Microsoft Visual Studio Solution File, Format Version 12.00
# Visual Studio Version 17
VisualStudioVersion = 17.2.33402.178
MinimumVisualStudioVersion = 10.0.40219.1
Project("{9A19103F-16F7-4668-BE54-9A1E7A4F7556}") = "AleatorikUI.Services", "AleatorikUI.Services\AleatorikUI.Services.csproj", "{8C443119-B0B9-4F08-9EC4-9B1738711468}"
EndProject
Project("{9A19103F-16F7-4668-BE54-9A1E7A4F7556}") = "AleatorikUI.Services.Authentication", "AleatorikUI.Services.Authentication\AleatorikUI.Services.Authentication.csproj", "{1F75D1C1-D1A5-413F-B97C-6A1ACE428AA1}"
EndProject
Project("{9A19103F-16F7-4668-BE54-9A1E7A4F7556}") = "AleatorikUI.Gantt", "AleatorikUI.Gantt\AleatorikUI.Gantt.csproj", "{DDD224BE-8DBC-40BE-B396-C8CDF9FC725B}"
EndProject
Global
	GlobalSection(SolutionConfigurationPlatforms) = preSolution
		Debug|Any CPU = Debug|Any CPU
		Release|Any CPU = Release|Any CPU
	EndGlobalSection
	GlobalSection(ProjectConfigurationPlatforms) = postSolution
		{8C443119-B0B9-4F08-9EC4-9B1738711468}.Debug|Any CPU.ActiveCfg = Debug|Any CPU
		{8C443119-B0B9-4F08-9EC4-9B1738711468}.Debug|Any CPU.Build.0 = Debug|Any CPU
		{8C443119-B0B9-4F08-9EC4-9B1738711468}.Release|Any CPU.ActiveCfg = Release|Any CPU
		{8C443119-B0B9-4F08-9EC4-9B1738711468}.Release|Any CPU.Build.0 = Release|Any CPU
		{1F75D1C1-D1A5-413F-B97C-6A1ACE428AA1}.Debug|Any CPU.ActiveCfg = Debug|Any CPU
		{1F75D1C1-D1A5-413F-B97C-6A1ACE428AA1}.Debug|Any CPU.Build.0 = Debug|Any CPU
		{1F75D1C1-D1A5-413F-B97C-6A1ACE428AA1}.Release|Any CPU.ActiveCfg = Release|Any CPU
		{1F75D1C1-D1A5-413F-B97C-6A1ACE428AA1}.Release|Any CPU.Build.0 = Release|Any CPU
		{DDD224BE-8DBC-40BE-B396-C8CDF9FC725B}.Debug|Any CPU.ActiveCfg = Debug|Any CPU
		{DDD224BE-8DBC-40BE-B396-C8CDF9FC725B}.Debug|Any CPU.Build.0 = Debug|Any CPU
		{DDD224BE-8DBC-40BE-B396-C8CDF9FC725B}.Release|Any CPU.ActiveCfg = Release|Any CPU
		{DDD224BE-8DBC-40BE-B396-C8CDF9FC725B}.Release|Any CPU.Build.0 = Release|Any CPU
	EndGlobalSection
	GlobalSection(SolutionProperties) = preSolution
		HideSolutionNode = FALSE
	EndGlobalSection
	GlobalSection(ExtensibilityGlobals) = postSolution
		SolutionGuid = {BF9F01FB-AA85-40BD-82B1-7C708555771C}
	EndGlobalSection
EndGlobal
